Microsoft Visual Studio Solution File, Format Version 12.00
# Visual Studio 15
VisualStudioVersion = 15.0.28010.0
MinimumVisualStudioVersion = 10.0.40219.1
Project("{2150E333-8FDC-42A3-9474-1A3956D46DE8}") = "Samples", "Samples", "{A1967865-8F3B-4976-A7EC-8F91EAE4C964}"
EndProject
Project("{FAE04EC0-301F-11D3-BF4B-00C04F79EFBC}") = "SharpVectors.Css", "Source\SharpVectorCss\SharpVectors.Css.VS2017.csproj", "{351B0A6E-2F6B-497A-844B-DCB5A502FB0D}"
EndProject
Project("{FAE04EC0-301F-11D3-BF4B-00C04F79EFBC}") = "SharpVectors.Dom", "Source\SharpVectorDom\SharpVectors.Dom.VS2017.csproj", "{FE34CBC0-D23C-4A95-BA64-83A031814010}"
EndProject
Project("{FAE04EC0-301F-11D3-BF4B-00C04F79EFBC}") = "SharpVectors.Model", "Source\SharpVectorModel\SharpVectors.Model.VS2017.csproj", "{5D336F48-3FB9-4382-B4B9-06974C764007}"
EndProject
Project("{FAE04EC0-301F-11D3-BF4B-00C04F79EFBC}") = "SharpVectors.Rendering.Gdi", "Source\SharpVectorRenderingGdi\SharpVectors.Rendering.Gdi.VS2017.csproj", "{0AD99D97-24ED-484D-9430-9905811F8A4F}"
EndProject
Project("{FAE04EC0-301F-11D3-BF4B-00C04F79EFBC}") = "SharpVectors.Core", "Source\SharpVectorCore\SharpVectors.Core.VS2017.csproj", "{D6BB65FC-240E-4241-B2ED-A7FB3F13E978}"
EndProject
Project("{FAE04EC0-301F-11D3-BF4B-00C04F79EFBC}") = "SharpVectors.Rendering.Wpf", "Source\SharpVectorRenderingWpf\SharpVectors.Rendering.Wpf.VS2017.csproj", "{A2576CE0-E492-490F-97E9-C0E7ABAFAF27}"
EndProject
Project("{FAE04EC0-301F-11D3-BF4B-00C04F79EFBC}") = "WpfTestSvgSample", "Samples\WpfTestSvgSample\WpfTestSvgSample.VS2017.csproj", "{514A1E9D-0900-46A5-8073-F3C9CB2AAEE3}"
EndProject
Project("{FAE04EC0-301F-11D3-BF4B-00C04F79EFBC}") = "WpfW3cSvgTestSuite", "Samples\WpfW3cSvgTestSuite\WpfW3cSvgTestSuite.VS2017.csproj", "{2B1A01CB-E5C5-4D51-A0D1-2FF715260164}"
EndProject
Project("{FAE04EC0-301F-11D3-BF4B-00C04F79EFBC}") = "SharpVectors.Converters.Wpf", "Source\SharpVectorConvertersWpf\SharpVectors.Converters.Wpf.VS2017.csproj", "{E8056611-E49C-4BC3-A682-A629D5CEC11C}"
EndProject
Project("{FAE04EC0-301F-11D3-BF4B-00C04F79EFBC}") = "SharpVectors.Runtime.Wpf", "Source\SharpVectorRuntimeWpf\SharpVectors.Runtime.Wpf.VS2017.csproj", "{2CD52982-A1C2-4A14-9D69-D64719357216}"
EndProject
Project("{FAE04EC0-301F-11D3-BF4B-00C04F79EFBC}") = "GdiTestSvgControl", "Samples\GdiTestSvgControl\GdiTestSvgControl.VS2017.csproj", "{CCFEF6F0-D931-419A-8833-1C3464232ACB}"
EndProject
Project("{2150E333-8FDC-42A3-9474-1A3956D46DE8}") = "Applications", "Applications", "{B86D794E-1A2E-4F5D-AEFB-30D6A2A295E2}"
EndProject
Project("{FAE04EC0-301F-11D3-BF4B-00C04F79EFBC}") = "Converters.Wpf", "Applications\ConvertersWpf\Converters.Wpf.VS2017.csproj", "{0B1FD1AD-6004-40CC-94A1-B598F6B00A1A}"
EndProject
Project("{FAE04EC0-301F-11D3-BF4B-00C04F79EFBC}") = "Squiggle.Wpf", "Applications\SquiggleWpf\Squiggle.Wpf.VS2017.csproj", "{950268C7-328C-4921-A554-B806DD966869}"
EndProject
Project("{FAE04EC0-301F-11D3-BF4B-00C04F79EFBC}") = "WpfSvgTestBox", "Samples\WpfSvgTestBox\WpfSvgTestBox.VS2017.csproj", "{D3B055DA-D97B-4B97-BFB6-18837FFA7C2D}"
EndProject
Project("{FAE04EC0-301F-11D3-BF4B-00C04F79EFBC}") = "GdiW3cSvgTestSuite", "Samples\GdiW3cSvgTestSuite\GdiW3cSvgTestSuite.VS2017.csproj", "{406733B7-B9C5-4100-8D10-F3CCE9C58B2C}"
EndProject
Project("{FAE04EC0-301F-11D3-BF4B-00C04F79EFBC}") = "GdiSvgTestBox", "Samples\GdiSvgTestBox\GdiSvgTestBox.VS2017.csproj", "{5A71211F-9EDA-4C43-8DDC-E3EB54843113}"
EndProject
Project("{FAE04EC0-301F-11D3-BF4B-00C04F79EFBC}") = "WpfTestSvgControl", "Samples\WpfTestSvgControl\WpfTestSvgControl.VS2017.csproj", "{28586359-004C-45B5-823E-38F714784B31}"
EndProject
Project("{FAE04EC0-301F-11D3-BF4B-00C04F79EFBC}") = "WpfTestThreadSafety", "Samples\WpfTestThreadSafety\WpfTestThreadSafety.VS2017.csproj", "{19ED33D1-7D07-43ED-878A-16630CD4035D}"
EndProject
Project("{FAE04EC0-301F-11D3-BF4B-00C04F79EFBC}") = "SharpVectors.Scripting.Jint", "Source\SharpVectorScriptingJint\SharpVectors.Scripting.Jint.VS2017.csproj", "{340EF466-0248-4FAD-9616-EC693BD72D38}"
EndProject
Global
	GlobalSection(SolutionConfigurationPlatforms) = preSolution
		Debug|Any CPU = Debug|Any CPU
		Release|Any CPU = Release|Any CPU
	EndGlobalSection
	GlobalSection(ProjectConfigurationPlatforms) = postSolution
		{351B0A6E-2F6B-497A-844B-DCB5A502FB0D}.Debug|Any CPU.ActiveCfg = Debug|Any CPU
		{351B0A6E-2F6B-497A-844B-DCB5A502FB0D}.Debug|Any CPU.Build.0 = Debug|Any CPU
		{351B0A6E-2F6B-497A-844B-DCB5A502FB0D}.Release|Any CPU.ActiveCfg = Release|Any CPU
		{351B0A6E-2F6B-497A-844B-DCB5A502FB0D}.Release|Any CPU.Build.0 = Release|Any CPU
		{FE34CBC0-D23C-4A95-BA64-83A031814010}.Debug|Any CPU.ActiveCfg = Debug|Any CPU
		{FE34CBC0-D23C-4A95-BA64-83A031814010}.Debug|Any CPU.Build.0 = Debug|Any CPU
		{FE34CBC0-D23C-4A95-BA64-83A031814010}.Release|Any CPU.ActiveCfg = Release|Any CPU
		{FE34CBC0-D23C-4A95-BA64-83A031814010}.Release|Any CPU.Build.0 = Release|Any CPU
		{5D336F48-3FB9-4382-B4B9-06974C764007}.Debug|Any CPU.ActiveCfg = Debug|Any CPU
		{5D336F48-3FB9-4382-B4B9-06974C764007}.Debug|Any CPU.Build.0 = Debug|Any CPU
		{5D336F48-3FB9-4382-B4B9-06974C764007}.Release|Any CPU.ActiveCfg = Release|Any CPU
		{5D336F48-3FB9-4382-B4B9-06974C764007}.Release|Any CPU.Build.0 = Release|Any CPU
		{0AD99D97-24ED-484D-9430-9905811F8A4F}.Debug|Any CPU.ActiveCfg = Debug|Any CPU
		{0AD99D97-24ED-484D-9430-9905811F8A4F}.Debug|Any CPU.Build.0 = Debug|Any CPU
		{0AD99D97-24ED-484D-9430-9905811F8A4F}.Release|Any CPU.ActiveCfg = Release|Any CPU
		{0AD99D97-24ED-484D-9430-9905811F8A4F}.Release|Any CPU.Build.0 = Release|Any CPU
		{D6BB65FC-240E-4241-B2ED-A7FB3F13E978}.Debug|Any CPU.ActiveCfg = Debug|Any CPU
		{D6BB65FC-240E-4241-B2ED-A7FB3F13E978}.Debug|Any CPU.Build.0 = Debug|Any CPU
		{D6BB65FC-240E-4241-B2ED-A7FB3F13E978}.Release|Any CPU.ActiveCfg = Release|Any CPU
		{D6BB65FC-240E-4241-B2ED-A7FB3F13E978}.Release|Any CPU.Build.0 = Release|Any CPU
		{A2576CE0-E492-490F-97E9-C0E7ABAFAF27}.Debug|Any CPU.ActiveCfg = Debug|Any CPU
		{A2576CE0-E492-490F-97E9-C0E7ABAFAF27}.Debug|Any CPU.Build.0 = Debug|Any CPU
		{A2576CE0-E492-490F-97E9-C0E7ABAFAF27}.Release|Any CPU.ActiveCfg = Release|Any CPU
		{A2576CE0-E492-490F-97E9-C0E7ABAFAF27}.Release|Any CPU.Build.0 = Release|Any CPU
		{514A1E9D-0900-46A5-8073-F3C9CB2AAEE3}.Debug|Any CPU.ActiveCfg = Debug|Any CPU
		{514A1E9D-0900-46A5-8073-F3C9CB2AAEE3}.Debug|Any CPU.Build.0 = Debug|Any CPU
		{514A1E9D-0900-46A5-8073-F3C9CB2AAEE3}.Release|Any CPU.ActiveCfg = Release|Any CPU
		{514A1E9D-0900-46A5-8073-F3C9CB2AAEE3}.Release|Any CPU.Build.0 = Release|Any CPU
		{2B1A01CB-E5C5-4D51-A0D1-2FF715260164}.Debug|Any CPU.ActiveCfg = Debug|Any CPU
		{2B1A01CB-E5C5-4D51-A0D1-2FF715260164}.Debug|Any CPU.Build.0 = Debug|Any CPU
		{2B1A01CB-E5C5-4D51-A0D1-2FF715260164}.Release|Any CPU.ActiveCfg = Release|Any CPU
		{2B1A01CB-E5C5-4D51-A0D1-2FF715260164}.Release|Any CPU.Build.0 = Release|Any CPU
		{E8056611-E49C-4BC3-A682-A629D5CEC11C}.Debug|Any CPU.ActiveCfg = Debug|Any CPU
		{E8056611-E49C-4BC3-A682-A629D5CEC11C}.Debug|Any CPU.Build.0 = Debug|Any CPU
		{E8056611-E49C-4BC3-A682-A629D5CEC11C}.Release|Any CPU.ActiveCfg = Release|Any CPU
		{E8056611-E49C-4BC3-A682-A629D5CEC11C}.Release|Any CPU.Build.0 = Release|Any CPU
		{2CD52982-A1C2-4A14-9D69-D64719357216}.Debug|Any CPU.ActiveCfg = Debug|Any CPU
		{2CD52982-A1C2-4A14-9D69-D64719357216}.Debug|Any CPU.Build.0 = Debug|Any CPU
		{2CD52982-A1C2-4A14-9D69-D64719357216}.Release|Any CPU.ActiveCfg = Release|Any CPU
		{2CD52982-A1C2-4A14-9D69-D64719357216}.Release|Any CPU.Build.0 = Release|Any CPU
		{CCFEF6F0-D931-419A-8833-1C3464232ACB}.Debug|Any CPU.ActiveCfg = Debug|Any CPU
		{CCFEF6F0-D931-419A-8833-1C3464232ACB}.Debug|Any CPU.Build.0 = Debug|Any CPU
		{CCFEF6F0-D931-419A-8833-1C3464232ACB}.Release|Any CPU.ActiveCfg = Release|Any CPU
		{CCFEF6F0-D931-419A-8833-1C3464232ACB}.Release|Any CPU.Build.0 = Release|Any CPU
		{0B1FD1AD-6004-40CC-94A1-B598F6B00A1A}.Debug|Any CPU.ActiveCfg = Debug|Any CPU
		{0B1FD1AD-6004-40CC-94A1-B598F6B00A1A}.Debug|Any CPU.Build.0 = Debug|Any CPU
		{0B1FD1AD-6004-40CC-94A1-B598F6B00A1A}.Release|Any CPU.ActiveCfg = Release|Any CPU
		{0B1FD1AD-6004-40CC-94A1-B598F6B00A1A}.Release|Any CPU.Build.0 = Release|Any CPU
		{950268C7-328C-4921-A554-B806DD966869}.Debug|Any CPU.ActiveCfg = Debug|Any CPU
		{950268C7-328C-4921-A554-B806DD966869}.Debug|Any CPU.Build.0 = Debug|Any CPU
		{950268C7-328C-4921-A554-B806DD966869}.Release|Any CPU.ActiveCfg = Release|Any CPU
		{950268C7-328C-4921-A554-B806DD966869}.Release|Any CPU.Build.0 = Release|Any CPU
		{D3B055DA-D97B-4B97-BFB6-18837FFA7C2D}.Debug|Any CPU.ActiveCfg = Debug|Any CPU
		{D3B055DA-D97B-4B97-BFB6-18837FFA7C2D}.Debug|Any CPU.Build.0 = Debug|Any CPU
		{D3B055DA-D97B-4B97-BFB6-18837FFA7C2D}.Release|Any CPU.ActiveCfg = Release|Any CPU
		{D3B055DA-D97B-4B97-BFB6-18837FFA7C2D}.Release|Any CPU.Build.0 = Release|Any CPU
		{406733B7-B9C5-4100-8D10-F3CCE9C58B2C}.Debug|Any CPU.ActiveCfg = Debug|Any CPU
		{406733B7-B9C5-4100-8D10-F3CCE9C58B2C}.Debug|Any CPU.Build.0 = Debug|Any CPU
		{406733B7-B9C5-4100-8D10-F3CCE9C58B2C}.Release|Any CPU.ActiveCfg = Release|Any CPU
		{406733B7-B9C5-4100-8D10-F3CCE9C58B2C}.Release|Any CPU.Build.0 = Release|Any CPU
		{5A71211F-9EDA-4C43-8DDC-E3EB54843113}.Debug|Any CPU.ActiveCfg = Debug|Any CPU
		{5A71211F-9EDA-4C43-8DDC-E3EB54843113}.Debug|Any CPU.Build.0 = Debug|Any CPU
		{5A71211F-9EDA-4C43-8DDC-E3EB54843113}.Release|Any CPU.ActiveCfg = Release|Any CPU
		{5A71211F-9EDA-4C43-8DDC-E3EB54843113}.Release|Any CPU.Build.0 = Release|Any CPU
		{28586359-004C-45B5-823E-38F714784B31}.Debug|Any CPU.ActiveCfg = Debug|Any CPU
		{28586359-004C-45B5-823E-38F714784B31}.Debug|Any CPU.Build.0 = Debug|Any CPU
		{28586359-004C-45B5-823E-38F714784B31}.Release|Any CPU.ActiveCfg = Release|Any CPU
		{28586359-004C-45B5-823E-38F714784B31}.Release|Any CPU.Build.0 = Release|Any CPU
		{19ED33D1-7D07-43ED-878A-16630CD4035D}.Debug|Any CPU.ActiveCfg = Debug|Any CPU
		{19ED33D1-7D07-43ED-878A-16630CD4035D}.Debug|Any CPU.Build.0 = Debug|Any CPU
		{19ED33D1-7D07-43ED-878A-16630CD4035D}.Release|Any CPU.ActiveCfg = Release|Any CPU
		{19ED33D1-7D07-43ED-878A-16630CD4035D}.Release|Any CPU.Build.0 = Release|Any CPU
		{340EF466-0248-4FAD-9616-EC693BD72D38}.Debug|Any CPU.ActiveCfg = Debug|Any CPU
		{340EF466-0248-4FAD-9616-EC693BD72D38}.Debug|Any CPU.Build.0 = Debug|Any CPU
		{340EF466-0248-4FAD-9616-EC693BD72D38}.Release|Any CPU.ActiveCfg = Release|Any CPU
		{340EF466-0248-4FAD-9616-EC693BD72D38}.Release|Any CPU.Build.0 = Release|Any CPU
	EndGlobalSection
	GlobalSection(SolutionProperties) = preSolution
		HideSolutionNode = FALSE
	EndGlobalSection
	GlobalSection(NestedProjects) = preSolution
		{514A1E9D-0900-46A5-8073-F3C9CB2AAEE3} = {A1967865-8F3B-4976-A7EC-8F91EAE4C964}
		{2B1A01CB-E5C5-4D51-A0D1-2FF715260164} = {A1967865-8F3B-4976-A7EC-8F91EAE4C964}
		{CCFEF6F0-D931-419A-8833-1C3464232ACB} = {A1967865-8F3B-4976-A7EC-8F91EAE4C964}
		{0B1FD1AD-6004-40CC-94A1-B598F6B00A1A} = {B86D794E-1A2E-4F5D-AEFB-30D6A2A295E2}
		{950268C7-328C-4921-A554-B806DD966869} = {B86D794E-1A2E-4F5D-AEFB-30D6A2A295E2}
		{D3B055DA-D97B-4B97-BFB6-18837FFA7C2D} = {A1967865-8F3B-4976-A7EC-8F91EAE4C964}
		{406733B7-B9C5-4100-8D10-F3CCE9C58B2C} = {A1967865-8F3B-4976-A7EC-8F91EAE4C964}
		{5A71211F-9EDA-4C43-8DDC-E3EB54843113} = {A1967865-8F3B-4976-A7EC-8F91EAE4C964}
		{28586359-004C-45B5-823E-38F714784B31} = {A1967865-8F3B-4976-A7EC-8F91EAE4C964}
		{19ED33D1-7D07-43ED-878A-16630CD4035D} = {A1967865-8F3B-4976-A7EC-8F91EAE4C964}
	EndGlobalSection
	GlobalSection(ExtensibilityGlobals) = postSolution
		SolutionGuid = {ECBBFB65-D6D1-4727-BE82-54D52CE8FCF3}
	EndGlobalSection
EndGlobal
