
Microsoft Visual Studio Solution File, Format Version 10.00
# Visual Studio 2008
Project("{FAE04EC0-301F-11D3-BF4B-00C04F79EFBC}") = "SharpVectors.Squiggle", "SharpVectors.Squiggle.csproj", "{950268C7-328C-4921-A554-B806DD966869}"
EndProject
Global
	GlobalSection(TeamFoundationVersionControl) = preSolution
		SccNumberOfProjects = 2
		SccEnterpriseProvider = {4CA58AB2-18FA-4F8D-95D4-32DDF27D184C}
		SccTeamFoundationServer = https://tfs.codeplex.com/tfs/TFS13
		SccProjectUniqueName0 = SharpVectors.Squiggle.csproj
		SccLocalPath0 = .
		SccLocalPath1 = .
	EndGlobalSection
	GlobalSection(SolutionConfigurationPlatforms) = preSolution
		Debug|Any CPU = Debug|Any CPU
		Release|Any CPU = Release|Any CPU
	EndGlobalSection
	GlobalSection(ProjectConfigurationPlatforms) = postSolution
		{950268C7-328C-4921-A554-B806DD966869}.Debug|Any CPU.ActiveCfg = Debug|Any CPU
		{950268C7-328C-4921-A554-B806DD966869}.Debug|Any CPU.Build.0 = Debug|Any CPU
		{950268C7-328C-4921-A554-B806DD966869}.Release|Any CPU.ActiveCfg = Release|Any CPU
		{950268C7-328C-4921-A554-B806DD966869}.Release|Any CPU.Build.0 = Release|Any CPU
	EndGlobalSection
	GlobalSection(SolutionProperties) = preSolution
		HideSolutionNode = FALSE
	EndGlobalSection
EndGlobal
