
Microsoft Visual Studio Solution File, Format Version 12.00
# Visual Studio 15
VisualStudioVersion = 15.0.28010.0
MinimumVisualStudioVersion = 10.0.40219.1
Project("{FAE04EC0-301F-11D3-BF4B-00C04F79EFBC}") = "WpfSvgTestBox", "WpfSvgTestBox.csproj", "{D3B055DA-D97B-4B97-BFB6-18837FFA7C2D}"
EndProject
Global
	GlobalSection(SolutionConfigurationPlatforms) = preSolution
		Debug|Any CPU = Debug|Any CPU
		Release|Any CPU = Release|Any CPU
	EndGlobalSection
	GlobalSection(ProjectConfigurationPlatforms) = postSolution
		{D3B055DA-D97B-4B97-BFB6-18837FFA7C2D}.Debug|Any CPU.ActiveCfg = Debug|Any CPU
		{D3B055DA-D97B-4B97-BFB6-18837FFA7C2D}.Debug|Any CPU.Build.0 = Debug|Any CPU
		{D3B055DA-D97B-4B97-BFB6-18837FFA7C2D}.Release|Any CPU.ActiveCfg = Release|Any CPU
		{D3B055DA-D97B-4B97-BFB6-18837FFA7C2D}.Release|Any CPU.Build.0 = Release|Any CPU
	EndGlobalSection
	GlobalSection(SolutionProperties) = preSolution
		HideSolutionNode = FALSE
	EndGlobalSection
	GlobalSection(ExtensibilityGlobals) = postSolution
		SolutionGuid = {337C7C98-A5E3-4E7D-B757-E849E5897C6F}
	EndGlobalSection
EndGlobal
